
Microsoft Visual Studio Solution File, Format Version 12.00
# Visual Studio Version 17
VisualStudioVersion = 17.1.32319.34
MinimumVisualStudioVersion = 10.0.40219.1
Project("{FAE04EC0-301F-11D3-BF4B-00C04F79EFBC}") = "RockStarProject", "RockStarProject\RockStarProject.csproj", "{0725BA5E-1283-4A01-8532-51380BA90792}"
EndProject
Project("{FAE04EC0-301F-11D3-BF4B-00C04F79EFBC}") = "RockStarProjectTests", "RockStarProjectTests\RockStarProjectTests.csproj", "{060166E4-54A5-4251-A5F8-3139ADFF9370}"
EndProject
Global
	GlobalSection(SolutionConfigurationPlatforms) = preSolution
		Debug|Any CPU = Debug|Any CPU
		Release|Any CPU = Release|Any CPU
	EndGlobalSection
	GlobalSection(ProjectConfigurationPlatforms) = postSolution
		{0725BA5E-1283-4A01-8532-51380BA90792}.Debug|Any CPU.ActiveCfg = Debug|Any CPU
		{0725BA5E-1283-4A01-8532-51380BA90792}.Debug|Any CPU.Build.0 = Debug|Any CPU
		{0725BA5E-1283-4A01-8532-51380BA90792}.Release|Any CPU.ActiveCfg = Release|Any CPU
		{0725BA5E-1283-4A01-8532-51380BA90792}.Release|Any CPU.Build.0 = Release|Any CPU
		{060166E4-54A5-4251-A5F8-3139ADFF9370}.Debug|Any CPU.ActiveCfg = Debug|Any CPU
		{060166E4-54A5-4251-A5F8-3139ADFF9370}.Debug|Any CPU.Build.0 = Debug|Any CPU
		{060166E4-54A5-4251-A5F8-3139ADFF9370}.Release|Any CPU.ActiveCfg = Release|Any CPU
		{060166E4-54A5-4251-A5F8-3139ADFF9370}.Release|Any CPU.Build.0 = Release|Any CPU
	EndGlobalSection
	GlobalSection(SolutionProperties) = preSolution
		HideSolutionNode = FALSE
	EndGlobalSection
	GlobalSection(ExtensibilityGlobals) = postSolution
		SolutionGuid = {0EC7B84B-7CB4-46F5-8A9A-87F69D1CEE89}
	EndGlobalSection
EndGlobal
